
Microsoft Visual Studio Solution File, Format Version 12.00
# Visual Studio Version 17
VisualStudioVersion = 17.2.32616.157
MinimumVisualStudioVersion = 10.0.40219.1
Project("{FAE04EC0-301F-11D3-BF4B-00C04F79EFBC}") = "Rock_Paper_Scissors", "Rock_Paper_Scissors\Rock_Paper_Scissors.csproj", "{636C77D7-9B66-46E1-B0C0-27FD9C17CA9B}"
EndProject
Global
	GlobalSection(SolutionConfigurationPlatforms) = preSolution
		Debug|Any CPU = Debug|Any CPU
		Release|Any CPU = Release|Any CPU
	EndGlobalSection
	GlobalSection(ProjectConfigurationPlatforms) = postSolution
		{636C77D7-9B66-46E1-B0C0-27FD9C17CA9B}.Debug|Any CPU.ActiveCfg = Debug|Any CPU
		{636C77D7-9B66-46E1-B0C0-27FD9C17CA9B}.Debug|Any CPU.Build.0 = Debug|Any CPU
		{636C77D7-9B66-46E1-B0C0-27FD9C17CA9B}.Release|Any CPU.ActiveCfg = Release|Any CPU
		{636C77D7-9B66-46E1-B0C0-27FD9C17CA9B}.Release|Any CPU.Build.0 = Release|Any CPU
	EndGlobalSection
	GlobalSection(SolutionProperties) = preSolution
		HideSolutionNode = FALSE
	EndGlobalSection
	GlobalSection(ExtensibilityGlobals) = postSolution
		SolutionGuid = {6AA734CF-85D8-4BE5-9A16-551EAB265515}
	EndGlobalSection
EndGlobal
